{
  "name": "jelly-ide",
  "lockfileVersion": 2,
  "requires": true,
  "packages": {
    "": {
      "dependencies": {
        "algorithmia": "^0.3.10"
      }
    },
    "node_modules/algorithmia": {
      "version": "0.3.10",
      "resolved": "https://registry.npmjs.org/algorithmia/-/algorithmia-0.3.10.tgz",
      "integrity": "sha512-earvZTSBf+Kuu25AArC6T5yjBXy+uMnkFTGLerSoOZRy2J5WqHMDE0I7dfYMa2qnIvEc5Vd6wcBc4Dl+dyNDlg=="
    }
  },
  "dependencies": {
    "algorithmia": {
      "version": "0.3.10",
      "resolved": "https://registry.npmjs.org/algorithmia/-/algorithmia-0.3.10.tgz",
      "integrity": "sha512-earvZTSBf+Kuu25AArC6T5yjBXy+uMnkFTGLerSoOZRy2J5WqHMDE0I7dfYMa2qnIvEc5Vd6wcBc4Dl+dyNDlg=="
    }
  }
}
